Microsoft Visual Studio Solution File, Format Version 12.00
# Visual Studio 15
VisualStudioVersion = 15.0.27130.2010
MinimumVisualStudioVersion = 15.0.26124.0
Project("{2150E333-8FDC-42A3-9474-1A3956D46DE8}") = "Apps", "Apps", "{4E73EECF-74AB-41B6-8562-925B489DCBBE}"
EndProject
Project("{2150E333-8FDC-42A3-9474-1A3956D46DE8}") = "Web", "Web", "{AFEBA230-0A8F-4995-AB63-BA73EC1AE925}"
EndProject
Project("{2150E333-8FDC-42A3-9474-1A3956D46DE8}") = "Services", "Services", "{4B021BC1-FD6F-4A14-BF27-5699170F0678}"
EndProject
Project("{2150E333-8FDC-42A3-9474-1A3956D46DE8}") = "Discussions", "Discussions", "{C6276918-ECF5-4608-99A3-2D6CADFB637C}"
EndProject
Project("{9A19103F-16F7-4668-BE54-9A1E7A4F7556}") = "Neptune.Services.Discussions", "Services\Discussions\Neptune.Services.Discussions\Neptune.Services.Discussions.csproj", "{77EA8C65-A9D4-4921-8CF6-D244BC129123}"
EndProject
Project("{9A19103F-16F7-4668-BE54-9A1E7A4F7556}") = "Neptune.Services.Discussions.Messages", "Services\Discussions\Neptune.Services.Discussions.Messages\Neptune.Services.Discussions.Messages.csproj", "{5698BFCF-867C-40CA-B01B-6089B8F816F0}"
EndProject
Project("{9A19103F-16F7-4668-BE54-9A1E7A4F7556}") = "Neptune.Services.Discussions.Tests", "Services\Discussions\Neptune.Services.Discussions.Tests\Neptune.Services.Discussions.Tests.csproj", "{061683D3-6B9E-4055-82D7-05BF506FD0F8}"
EndProject
Project("{2150E333-8FDC-42A3-9474-1A3956D46DE8}") = "Profiles", "Profiles", "{983C0E16-7C7F-4728-9327-BF985A5AE810}"
EndProject
Project("{9A19103F-16F7-4668-BE54-9A1E7A4F7556}") = "Neptune.Services.Profiles", "Services\Profiles\Neptune.Services.Profiles\Neptune.Services.Profiles.csproj", "{376A20D1-C61F-4AF7-AFE7-729569BC46FE}"
EndProject
Project("{9A19103F-16F7-4668-BE54-9A1E7A4F7556}") = "Neptune.Services.Profiles.Messages", "Services\Profiles\Neptune.Services.Profiles.Messages\Neptune.Services.Profiles.Messages.csproj", "{39DE6E91-66FA-4A9F-BDCF-D8325CA0C867}"
EndProject
Project("{9A19103F-16F7-4668-BE54-9A1E7A4F7556}") = "Neptune.Services.Profiles.Tests", "Services\Profiles\Neptune.Services.Profiles.Tests\Neptune.Services.Profiles.Tests.csproj", "{64C299BD-756F-4007-BF0A-7ABCA01805AF}"
EndProject
Project("{2150E333-8FDC-42A3-9474-1A3956D46DE8}") = "Search", "Search", "{BBF87147-5D77-4CA1-8C79-60993C529F12}"
EndProject
Project("{9A19103F-16F7-4668-BE54-9A1E7A4F7556}") = "Neptune.Services.Search", "Services\Search\Neptune.Services.Search\Neptune.Services.Search.csproj", "{5871CEF1-8F16-4D22-B0DC-4B67A6E29419}"
EndProject
Project("{9A19103F-16F7-4668-BE54-9A1E7A4F7556}") = "Neptune.Services.Search.Messages", "Services\Search\Neptune.Services.Search.Messages\Neptune.Services.Search.Messages.csproj", "{E62A9B85-1110-4B38-B655-129D1BD351FF}"
EndProject
Project("{9A19103F-16F7-4668-BE54-9A1E7A4F7556}") = "Neptune.Services.Search.Tests", "Services\Search\Neptune.Services.Search.Tests\Neptune.Services.Search.Tests.csproj", "{4398A7D3-5783-4644-AF3F-44F742732DD6}"
EndProject
Project("{2150E333-8FDC-42A3-9474-1A3956D46DE8}") = "doc", "doc", "{34299E2E-72C9-41CD-8EB3-4F7671318D75}"
	ProjectSection(SolutionItems) = preProject
		..\doc\1-CreateProjectStructure.md = ..\doc\1-CreateProjectStructure.md
		..\doc\2-DefineServices.md = ..\doc\2-DefineServices.md
	EndProjectSection
EndProject
Project("{2150E333-8FDC-42A3-9474-1A3956D46DE8}") = "Questions", "Questions", "{3A809F70-5CFB-4338-80C9-478018FD6600}"
EndProject
Project("{9A19103F-16F7-4668-BE54-9A1E7A4F7556}") = "Neptune.Services.Questions", "Services\Questions\Neptune.Services.Questions\Neptune.Services.Questions.csproj", "{A734A80B-5FD1-4480-82CE-4C7F760F803D}"
EndProject
Project("{9A19103F-16F7-4668-BE54-9A1E7A4F7556}") = "Neptune.Services.Questions.Messages", "Services\Questions\Neptune.Services.Questions.Messages\Neptune.Services.Questions.Messages.csproj", "{369719FA-32DA-4F89-A969-1D68AADE5AF9}"
EndProject
Project("{9A19103F-16F7-4668-BE54-9A1E7A4F7556}") = "Neptune.Services.Questions.Tests", "Services\Questions\Neptune.Services.Questions.Tests\Neptune.Services.Questions.Tests.csproj", "{82D0F950-165E-4AC2-B24D-4D8192D62FC6}"
EndProject
Project("{2150E333-8FDC-42A3-9474-1A3956D46DE8}") = "Identities", "Identities", "{D2356AF1-55DB-4BE6-8684-92DCFFBAE32B}"
EndProject
Project("{9A19103F-16F7-4668-BE54-9A1E7A4F7556}") = "Neptune.Services.Identities", "Services\Identities\Neptune.Services.Identities\Neptune.Services.Identities.csproj", "{BC9E6E34-471C-4D35-A861-CAFB306F217E}"
EndProject
Project("{9A19103F-16F7-4668-BE54-9A1E7A4F7556}") = "Neptune.Services.Identities.Messages", "Services\Identities\Neptune.Services.Identities.Messages\Neptune.Services.Identities.Messages.csproj", "{5BA1C3F1-5EC2-444D-A430-B1A05CE8008A}"
EndProject
Project("{9A19103F-16F7-4668-BE54-9A1E7A4F7556}") = "Neptune.Services.Identities.Tests", "Services\Identities\Neptune.Services.Identities.Tests\Neptune.Services.Identities.Tests.csproj", "{C759E558-965E-448E-9EFF-8D50A6C74CBC}"
EndProject
Project("{9A19103F-16F7-4668-BE54-9A1E7A4F7556}") = "Neptune.Services.Common", "Services\Common\Neptune.Services.Common\Neptune.Services.Common.csproj", "{FA6B409A-D336-4C75-B529-FB8ED147D097}"
EndProject
Project("{2150E333-8FDC-42A3-9474-1A3956D46DE8}") = "Common", "Common", "{44C9FD29-31EC-4A0A-A336-2D187E1C957D}"
EndProject
Project("{2150E333-8FDC-42A3-9474-1A3956D46DE8}") = "Databases", "Databases", "{8E847C38-7305-4D27-ABD2-AA3D1E3845F4}"
EndProject
Project("{9A19103F-16F7-4668-BE54-9A1E7A4F7556}") = "Neptune.Services.Databases", "Services\Databases\Neptune.Services.Databases\Neptune.Services.Databases.csproj", "{80AB712D-910B-4840-BF43-D69ED8337957}"
EndProject
Project("{9A19103F-16F7-4668-BE54-9A1E7A4F7556}") = "Neptune.Services.Databases.Tests", "Services\Databases\Neptune.Services.Databases.Tests\Neptune.Services.Databases.Tests.csproj", "{35A4622E-492F-432D-A466-26C3BEDAE5E7}"
EndProject
Project("{9A19103F-16F7-4668-BE54-9A1E7A4F7556}") = "Neptune.Services.Questions.Database", "Services\Questions\Neptune.Services.Questions.Database\Neptune.Services.Questions.Database.csproj", "{6711DF62-F69E-4229-86FC-9768D7A0554C}"
EndProject
Project("{9A19103F-16F7-4668-BE54-9A1E7A4F7556}") = "Neptune.Services.Profiles.Database", "Services\Profiles\Neptune.Services.Profiles.Database\Neptune.Services.Profiles.Database.csproj", "{9C894D5C-3337-44B3-A0BA-93DFDCB5B4DE}"
EndProject
Project("{E53339B2-1760-4266-BCC7-CA923CBCF16C}") = "docker-compose", "docker-compose.dcproj", "{699225A6-9FB1-4275-B85D-334150454D0F}"
EndProject
Project("{9A19103F-16F7-4668-BE54-9A1E7A4F7556}") = "Neptune.Apps.Web", "Apps\Web\Neptune.Apps.Web\Neptune.Apps.Web.csproj", "{C00FD962-92F5-46D8-AB9F-3E00C578A410}"
EndProject
Project("{2150E333-8FDC-42A3-9474-1A3956D46DE8}") = "WebAPI", "WebAPI", "{1153BA2F-FCD2-4C52-A21B-FCB5C1B2B115}"
EndProject
Project("{9A19103F-16F7-4668-BE54-9A1E7A4F7556}") = "Neptune.Apps.WebAPI", "Apps\WebAPI\Neptune.Apps.WebAPI\Neptune.Apps.WebAPI.csproj", "{63266F8F-170E-46DB-8E62-2ECF90781118}"
EndProject
Project("{9A19103F-16F7-4668-BE54-9A1E7A4F7556}") = "Neptune.Apps.WebAPI.Models", "Apps\WebAPI\Neptune.Apps.WebAPI.Models\Neptune.Apps.WebAPI.Models.csproj", "{1E8FE668-EB6A-4910-A5BD-15C2BD577BDD}"
EndProject
Project("{9A19103F-16F7-4668-BE54-9A1E7A4F7556}") = "Neptune.Apps.WebAPI.Tests", "Apps\WebAPI\Neptune.Apps.WebAPI.Tests\Neptune.Apps.WebAPI.Tests.csproj", "{F28C761A-E668-4FAA-820C-811682285162}"
EndProject
Global
	GlobalSection(SolutionConfigurationPlatforms) = preSolution
		Debug|Any CPU = Debug|Any CPU
		Debug|x64 = Debug|x64
		Debug|x86 = Debug|x86
		Release|Any CPU = Release|Any CPU
		Release|x64 = Release|x64
		Release|x86 = Release|x86
	EndGlobalSection
	GlobalSection(ProjectConfigurationPlatforms) = postSolution
		{77EA8C65-A9D4-4921-8CF6-D244BC129123}.Debug|Any CPU.ActiveCfg = Debug|Any CPU
		{77EA8C65-A9D4-4921-8CF6-D244BC129123}.Debug|Any CPU.Build.0 = Debug|Any CPU
		{77EA8C65-A9D4-4921-8CF6-D244BC129123}.Debug|x64.ActiveCfg = Debug|Any CPU
		{77EA8C65-A9D4-4921-8CF6-D244BC129123}.Debug|x64.Build.0 = Debug|Any CPU
		{77EA8C65-A9D4-4921-8CF6-D244BC129123}.Debug|x86.ActiveCfg = Debug|Any CPU
		{77EA8C65-A9D4-4921-8CF6-D244BC129123}.Debug|x86.Build.0 = Debug|Any CPU
		{77EA8C65-A9D4-4921-8CF6-D244BC129123}.Release|Any CPU.ActiveCfg = Release|Any CPU
		{77EA8C65-A9D4-4921-8CF6-D244BC129123}.Release|Any CPU.Build.0 = Release|Any CPU
		{77EA8C65-A9D4-4921-8CF6-D244BC129123}.Release|x64.ActiveCfg = Release|Any CPU
		{77EA8C65-A9D4-4921-8CF6-D244BC129123}.Release|x64.Build.0 = Release|Any CPU
		{77EA8C65-A9D4-4921-8CF6-D244BC129123}.Release|x86.ActiveCfg = Release|Any CPU
		{77EA8C65-A9D4-4921-8CF6-D244BC129123}.Release|x86.Build.0 = Release|Any CPU
		{5698BFCF-867C-40CA-B01B-6089B8F816F0}.Debug|Any CPU.ActiveCfg = Debug|Any CPU
		{5698BFCF-867C-40CA-B01B-6089B8F816F0}.Debug|Any CPU.Build.0 = Debug|Any CPU
		{5698BFCF-867C-40CA-B01B-6089B8F816F0}.Debug|x64.ActiveCfg = Debug|Any CPU
		{5698BFCF-867C-40CA-B01B-6089B8F816F0}.Debug|x64.Build.0 = Debug|Any CPU
		{5698BFCF-867C-40CA-B01B-6089B8F816F0}.Debug|x86.ActiveCfg = Debug|Any CPU
		{5698BFCF-867C-40CA-B01B-6089B8F816F0}.Debug|x86.Build.0 = Debug|Any CPU
		{5698BFCF-867C-40CA-B01B-6089B8F816F0}.Release|Any CPU.ActiveCfg = Release|Any CPU
		{5698BFCF-867C-40CA-B01B-6089B8F816F0}.Release|Any CPU.Build.0 = Release|Any CPU
		{5698BFCF-867C-40CA-B01B-6089B8F816F0}.Release|x64.ActiveCfg = Release|Any CPU
		{5698BFCF-867C-40CA-B01B-6089B8F816F0}.Release|x64.Build.0 = Release|Any CPU
		{5698BFCF-867C-40CA-B01B-6089B8F816F0}.Release|x86.ActiveCfg = Release|Any CPU
		{5698BFCF-867C-40CA-B01B-6089B8F816F0}.Release|x86.Build.0 = Release|Any CPU
		{061683D3-6B9E-4055-82D7-05BF506FD0F8}.Debug|Any CPU.ActiveCfg = Debug|Any CPU
		{061683D3-6B9E-4055-82D7-05BF506FD0F8}.Debug|Any CPU.Build.0 = Debug|Any CPU
		{061683D3-6B9E-4055-82D7-05BF506FD0F8}.Debug|x64.ActiveCfg = Debug|Any CPU
		{061683D3-6B9E-4055-82D7-05BF506FD0F8}.Debug|x64.Build.0 = Debug|Any CPU
		{061683D3-6B9E-4055-82D7-05BF506FD0F8}.Debug|x86.ActiveCfg = Debug|Any CPU
		{061683D3-6B9E-4055-82D7-05BF506FD0F8}.Debug|x86.Build.0 = Debug|Any CPU
		{061683D3-6B9E-4055-82D7-05BF506FD0F8}.Release|Any CPU.ActiveCfg = Release|Any CPU
		{061683D3-6B9E-4055-82D7-05BF506FD0F8}.Release|Any CPU.Build.0 = Release|Any CPU
		{061683D3-6B9E-4055-82D7-05BF506FD0F8}.Release|x64.ActiveCfg = Release|Any CPU
		{061683D3-6B9E-4055-82D7-05BF506FD0F8}.Release|x64.Build.0 = Release|Any CPU
		{061683D3-6B9E-4055-82D7-05BF506FD0F8}.Release|x86.ActiveCfg = Release|Any CPU
		{061683D3-6B9E-4055-82D7-05BF506FD0F8}.Release|x86.Build.0 = Release|Any CPU
		{376A20D1-C61F-4AF7-AFE7-729569BC46FE}.Debug|Any CPU.ActiveCfg = Debug|Any CPU
		{376A20D1-C61F-4AF7-AFE7-729569BC46FE}.Debug|Any CPU.Build.0 = Debug|Any CPU
		{376A20D1-C61F-4AF7-AFE7-729569BC46FE}.Debug|x64.ActiveCfg = Debug|Any CPU
		{376A20D1-C61F-4AF7-AFE7-729569BC46FE}.Debug|x64.Build.0 = Debug|Any CPU
		{376A20D1-C61F-4AF7-AFE7-729569BC46FE}.Debug|x86.ActiveCfg = Debug|Any CPU
		{376A20D1-C61F-4AF7-AFE7-729569BC46FE}.Debug|x86.Build.0 = Debug|Any CPU
		{376A20D1-C61F-4AF7-AFE7-729569BC46FE}.Release|Any CPU.ActiveCfg = Release|Any CPU
		{376A20D1-C61F-4AF7-AFE7-729569BC46FE}.Release|Any CPU.Build.0 = Release|Any CPU
		{376A20D1-C61F-4AF7-AFE7-729569BC46FE}.Release|x64.ActiveCfg = Release|Any CPU
		{376A20D1-C61F-4AF7-AFE7-729569BC46FE}.Release|x64.Build.0 = Release|Any CPU
		{376A20D1-C61F-4AF7-AFE7-729569BC46FE}.Release|x86.ActiveCfg = Release|Any CPU
		{376A20D1-C61F-4AF7-AFE7-729569BC46FE}.Release|x86.Build.0 = Release|Any CPU
		{39DE6E91-66FA-4A9F-BDCF-D8325CA0C867}.Debug|Any CPU.ActiveCfg = Debug|Any CPU
		{39DE6E91-66FA-4A9F-BDCF-D8325CA0C867}.Debug|Any CPU.Build.0 = Debug|Any CPU
		{39DE6E91-66FA-4A9F-BDCF-D8325CA0C867}.Debug|x64.ActiveCfg = Debug|Any CPU
		{39DE6E91-66FA-4A9F-BDCF-D8325CA0C867}.Debug|x64.Build.0 = Debug|Any CPU
		{39DE6E91-66FA-4A9F-BDCF-D8325CA0C867}.Debug|x86.ActiveCfg = Debug|Any CPU
		{39DE6E91-66FA-4A9F-BDCF-D8325CA0C867}.Debug|x86.Build.0 = Debug|Any CPU
		{39DE6E91-66FA-4A9F-BDCF-D8325CA0C867}.Release|Any CPU.ActiveCfg = Release|Any CPU
		{39DE6E91-66FA-4A9F-BDCF-D8325CA0C867}.Release|Any CPU.Build.0 = Release|Any CPU
		{39DE6E91-66FA-4A9F-BDCF-D8325CA0C867}.Release|x64.ActiveCfg = Release|Any CPU
		{39DE6E91-66FA-4A9F-BDCF-D8325CA0C867}.Release|x64.Build.0 = Release|Any CPU
		{39DE6E91-66FA-4A9F-BDCF-D8325CA0C867}.Release|x86.ActiveCfg = Release|Any CPU
		{39DE6E91-66FA-4A9F-BDCF-D8325CA0C867}.Release|x86.Build.0 = Release|Any CPU
		{64C299BD-756F-4007-BF0A-7ABCA01805AF}.Debug|Any CPU.ActiveCfg = Debug|Any CPU
		{64C299BD-756F-4007-BF0A-7ABCA01805AF}.Debug|Any CPU.Build.0 = Debug|Any CPU
		{64C299BD-756F-4007-BF0A-7ABCA01805AF}.Debug|x64.ActiveCfg = Debug|Any CPU
		{64C299BD-756F-4007-BF0A-7ABCA01805AF}.Debug|x64.Build.0 = Debug|Any CPU
		{64C299BD-756F-4007-BF0A-7ABCA01805AF}.Debug|x86.ActiveCfg = Debug|Any CPU
		{64C299BD-756F-4007-BF0A-7ABCA01805AF}.Debug|x86.Build.0 = Debug|Any CPU
		{64C299BD-756F-4007-BF0A-7ABCA01805AF}.Release|Any CPU.ActiveCfg = Release|Any CPU
		{64C299BD-756F-4007-BF0A-7ABCA01805AF}.Release|Any CPU.Build.0 = Release|Any CPU
		{64C299BD-756F-4007-BF0A-7ABCA01805AF}.Release|x64.ActiveCfg = Release|Any CPU
		{64C299BD-756F-4007-BF0A-7ABCA01805AF}.Release|x64.Build.0 = Release|Any CPU
		{64C299BD-756F-4007-BF0A-7ABCA01805AF}.Release|x86.ActiveCfg = Release|Any CPU
		{64C299BD-756F-4007-BF0A-7ABCA01805AF}.Release|x86.Build.0 = Release|Any CPU
		{5871CEF1-8F16-4D22-B0DC-4B67A6E29419}.Debug|Any CPU.ActiveCfg = Debug|Any CPU
		{5871CEF1-8F16-4D22-B0DC-4B67A6E29419}.Debug|Any CPU.Build.0 = Debug|Any CPU
		{5871CEF1-8F16-4D22-B0DC-4B67A6E29419}.Debug|x64.ActiveCfg = Debug|Any CPU
		{5871CEF1-8F16-4D22-B0DC-4B67A6E29419}.Debug|x64.Build.0 = Debug|Any CPU
		{5871CEF1-8F16-4D22-B0DC-4B67A6E29419}.Debug|x86.ActiveCfg = Debug|Any CPU
		{5871CEF1-8F16-4D22-B0DC-4B67A6E29419}.Debug|x86.Build.0 = Debug|Any CPU
		{5871CEF1-8F16-4D22-B0DC-4B67A6E29419}.Release|Any CPU.ActiveCfg = Release|Any CPU
		{5871CEF1-8F16-4D22-B0DC-4B67A6E29419}.Release|Any CPU.Build.0 = Release|Any CPU
		{5871CEF1-8F16-4D22-B0DC-4B67A6E29419}.Release|x64.ActiveCfg = Release|Any CPU
		{5871CEF1-8F16-4D22-B0DC-4B67A6E29419}.Release|x64.Build.0 = Release|Any CPU
		{5871CEF1-8F16-4D22-B0DC-4B67A6E29419}.Release|x86.ActiveCfg = Release|Any CPU
		{5871CEF1-8F16-4D22-B0DC-4B67A6E29419}.Release|x86.Build.0 = Release|Any CPU
		{E62A9B85-1110-4B38-B655-129D1BD351FF}.Debug|Any CPU.ActiveCfg = Debug|Any CPU
		{E62A9B85-1110-4B38-B655-129D1BD351FF}.Debug|Any CPU.Build.0 = Debug|Any CPU
		{E62A9B85-1110-4B38-B655-129D1BD351FF}.Debug|x64.ActiveCfg = Debug|Any CPU
		{E62A9B85-1110-4B38-B655-129D1BD351FF}.Debug|x64.Build.0 = Debug|Any CPU
		{E62A9B85-1110-4B38-B655-129D1BD351FF}.Debug|x86.ActiveCfg = Debug|Any CPU
		{E62A9B85-1110-4B38-B655-129D1BD351FF}.Debug|x86.Build.0 = Debug|Any CPU
		{E62A9B85-1110-4B38-B655-129D1BD351FF}.Release|Any CPU.ActiveCfg = Release|Any CPU
		{E62A9B85-1110-4B38-B655-129D1BD351FF}.Release|Any CPU.Build.0 = Release|Any CPU
		{E62A9B85-1110-4B38-B655-129D1BD351FF}.Release|x64.ActiveCfg = Release|Any CPU
		{E62A9B85-1110-4B38-B655-129D1BD351FF}.Release|x64.Build.0 = Release|Any CPU
		{E62A9B85-1110-4B38-B655-129D1BD351FF}.Release|x86.ActiveCfg = Release|Any CPU
		{E62A9B85-1110-4B38-B655-129D1BD351FF}.Release|x86.Build.0 = Release|Any CPU
		{4398A7D3-5783-4644-AF3F-44F742732DD6}.Debug|Any CPU.ActiveCfg = Debug|Any CPU
		{4398A7D3-5783-4644-AF3F-44F742732DD6}.Debug|Any CPU.Build.0 = Debug|Any CPU
		{4398A7D3-5783-4644-AF3F-44F742732DD6}.Debug|x64.ActiveCfg = Debug|Any CPU
		{4398A7D3-5783-4644-AF3F-44F742732DD6}.Debug|x64.Build.0 = Debug|Any CPU
		{4398A7D3-5783-4644-AF3F-44F742732DD6}.Debug|x86.ActiveCfg = Debug|Any CPU
		{4398A7D3-5783-4644-AF3F-44F742732DD6}.Debug|x86.Build.0 = Debug|Any CPU
		{4398A7D3-5783-4644-AF3F-44F742732DD6}.Release|Any CPU.ActiveCfg = Release|Any CPU
		{4398A7D3-5783-4644-AF3F-44F742732DD6}.Release|Any CPU.Build.0 = Release|Any CPU
		{4398A7D3-5783-4644-AF3F-44F742732DD6}.Release|x64.ActiveCfg = Release|Any CPU
		{4398A7D3-5783-4644-AF3F-44F742732DD6}.Release|x64.Build.0 = Release|Any CPU
		{4398A7D3-5783-4644-AF3F-44F742732DD6}.Release|x86.ActiveCfg = Release|Any CPU
		{4398A7D3-5783-4644-AF3F-44F742732DD6}.Release|x86.Build.0 = Release|Any CPU
		{A734A80B-5FD1-4480-82CE-4C7F760F803D}.Debug|Any CPU.ActiveCfg = Debug|Any CPU
		{A734A80B-5FD1-4480-82CE-4C7F760F803D}.Debug|Any CPU.Build.0 = Debug|Any CPU
		{A734A80B-5FD1-4480-82CE-4C7F760F803D}.Debug|x64.ActiveCfg = Debug|Any CPU
		{A734A80B-5FD1-4480-82CE-4C7F760F803D}.Debug|x64.Build.0 = Debug|Any CPU
		{A734A80B-5FD1-4480-82CE-4C7F760F803D}.Debug|x86.ActiveCfg = Debug|Any CPU
		{A734A80B-5FD1-4480-82CE-4C7F760F803D}.Debug|x86.Build.0 = Debug|Any CPU
		{A734A80B-5FD1-4480-82CE-4C7F760F803D}.Release|Any CPU.ActiveCfg = Release|Any CPU
		{A734A80B-5FD1-4480-82CE-4C7F760F803D}.Release|Any CPU.Build.0 = Release|Any CPU
		{A734A80B-5FD1-4480-82CE-4C7F760F803D}.Release|x64.ActiveCfg = Release|Any CPU
		{A734A80B-5FD1-4480-82CE-4C7F760F803D}.Release|x64.Build.0 = Release|Any CPU
		{A734A80B-5FD1-4480-82CE-4C7F760F803D}.Release|x86.ActiveCfg = Release|Any CPU
		{A734A80B-5FD1-4480-82CE-4C7F760F803D}.Release|x86.Build.0 = Release|Any CPU
		{369719FA-32DA-4F89-A969-1D68AADE5AF9}.Debug|Any CPU.ActiveCfg = Debug|Any CPU
		{369719FA-32DA-4F89-A969-1D68AADE5AF9}.Debug|Any CPU.Build.0 = Debug|Any CPU
		{369719FA-32DA-4F89-A969-1D68AADE5AF9}.Debug|x64.ActiveCfg = Debug|Any CPU
		{369719FA-32DA-4F89-A969-1D68AADE5AF9}.Debug|x64.Build.0 = Debug|Any CPU
		{369719FA-32DA-4F89-A969-1D68AADE5AF9}.Debug|x86.ActiveCfg = Debug|Any CPU
		{369719FA-32DA-4F89-A969-1D68AADE5AF9}.Debug|x86.Build.0 = Debug|Any CPU
		{369719FA-32DA-4F89-A969-1D68AADE5AF9}.Release|Any CPU.ActiveCfg = Release|Any CPU
		{369719FA-32DA-4F89-A969-1D68AADE5AF9}.Release|Any CPU.Build.0 = Release|Any CPU
		{369719FA-32DA-4F89-A969-1D68AADE5AF9}.Release|x64.ActiveCfg = Release|Any CPU
		{369719FA-32DA-4F89-A969-1D68AADE5AF9}.Release|x64.Build.0 = Release|Any CPU
		{369719FA-32DA-4F89-A969-1D68AADE5AF9}.Release|x86.ActiveCfg = Release|Any CPU
		{369719FA-32DA-4F89-A969-1D68AADE5AF9}.Release|x86.Build.0 = Release|Any CPU
		{82D0F950-165E-4AC2-B24D-4D8192D62FC6}.Debug|Any CPU.ActiveCfg = Debug|Any CPU
		{82D0F950-165E-4AC2-B24D-4D8192D62FC6}.Debug|Any CPU.Build.0 = Debug|Any CPU
		{82D0F950-165E-4AC2-B24D-4D8192D62FC6}.Debug|x64.ActiveCfg = Debug|Any CPU
		{82D0F950-165E-4AC2-B24D-4D8192D62FC6}.Debug|x64.Build.0 = Debug|Any CPU
		{82D0F950-165E-4AC2-B24D-4D8192D62FC6}.Debug|x86.ActiveCfg = Debug|Any CPU
		{82D0F950-165E-4AC2-B24D-4D8192D62FC6}.Debug|x86.Build.0 = Debug|Any CPU
		{82D0F950-165E-4AC2-B24D-4D8192D62FC6}.Release|Any CPU.ActiveCfg = Release|Any CPU
		{82D0F950-165E-4AC2-B24D-4D8192D62FC6}.Release|Any CPU.Build.0 = Release|Any CPU
		{82D0F950-165E-4AC2-B24D-4D8192D62FC6}.Release|x64.ActiveCfg = Release|Any CPU
		{82D0F950-165E-4AC2-B24D-4D8192D62FC6}.Release|x64.Build.0 = Release|Any CPU
		{82D0F950-165E-4AC2-B24D-4D8192D62FC6}.Release|x86.ActiveCfg = Release|Any CPU
		{82D0F950-165E-4AC2-B24D-4D8192D62FC6}.Release|x86.Build.0 = Release|Any CPU
		{BC9E6E34-471C-4D35-A861-CAFB306F217E}.Debug|Any CPU.ActiveCfg = Debug|Any CPU
		{BC9E6E34-471C-4D35-A861-CAFB306F217E}.Debug|Any CPU.Build.0 = Debug|Any CPU
		{BC9E6E34-471C-4D35-A861-CAFB306F217E}.Debug|x64.ActiveCfg = Debug|Any CPU
		{BC9E6E34-471C-4D35-A861-CAFB306F217E}.Debug|x64.Build.0 = Debug|Any CPU
		{BC9E6E34-471C-4D35-A861-CAFB306F217E}.Debug|x86.ActiveCfg = Debug|Any CPU
		{BC9E6E34-471C-4D35-A861-CAFB306F217E}.Debug|x86.Build.0 = Debug|Any CPU
		{BC9E6E34-471C-4D35-A861-CAFB306F217E}.Release|Any CPU.ActiveCfg = Release|Any CPU
		{BC9E6E34-471C-4D35-A861-CAFB306F217E}.Release|Any CPU.Build.0 = Release|Any CPU
		{BC9E6E34-471C-4D35-A861-CAFB306F217E}.Release|x64.ActiveCfg = Release|Any CPU
		{BC9E6E34-471C-4D35-A861-CAFB306F217E}.Release|x64.Build.0 = Release|Any CPU
		{BC9E6E34-471C-4D35-A861-CAFB306F217E}.Release|x86.ActiveCfg = Release|Any CPU
		{BC9E6E34-471C-4D35-A861-CAFB306F217E}.Release|x86.Build.0 = Release|Any CPU
		{5BA1C3F1-5EC2-444D-A430-B1A05CE8008A}.Debug|Any CPU.ActiveCfg = Debug|Any CPU
		{5BA1C3F1-5EC2-444D-A430-B1A05CE8008A}.Debug|Any CPU.Build.0 = Debug|Any CPU
		{5BA1C3F1-5EC2-444D-A430-B1A05CE8008A}.Debug|x64.ActiveCfg = Debug|Any CPU
		{5BA1C3F1-5EC2-444D-A430-B1A05CE8008A}.Debug|x64.Build.0 = Debug|Any CPU
		{5BA1C3F1-5EC2-444D-A430-B1A05CE8008A}.Debug|x86.ActiveCfg = Debug|Any CPU
		{5BA1C3F1-5EC2-444D-A430-B1A05CE8008A}.Debug|x86.Build.0 = Debug|Any CPU
		{5BA1C3F1-5EC2-444D-A430-B1A05CE8008A}.Release|Any CPU.ActiveCfg = Release|Any CPU
		{5BA1C3F1-5EC2-444D-A430-B1A05CE8008A}.Release|Any CPU.Build.0 = Release|Any CPU
		{5BA1C3F1-5EC2-444D-A430-B1A05CE8008A}.Release|x64.ActiveCfg = Release|Any CPU
		{5BA1C3F1-5EC2-444D-A430-B1A05CE8008A}.Release|x64.Build.0 = Release|Any CPU
		{5BA1C3F1-5EC2-444D-A430-B1A05CE8008A}.Release|x86.ActiveCfg = Release|Any CPU
		{5BA1C3F1-5EC2-444D-A430-B1A05CE8008A}.Release|x86.Build.0 = Release|Any CPU
		{C759E558-965E-448E-9EFF-8D50A6C74CBC}.Debug|Any CPU.ActiveCfg = Debug|Any CPU
		{C759E558-965E-448E-9EFF-8D50A6C74CBC}.Debug|Any CPU.Build.0 = Debug|Any CPU
		{C759E558-965E-448E-9EFF-8D50A6C74CBC}.Debug|x64.ActiveCfg = Debug|Any CPU
		{C759E558-965E-448E-9EFF-8D50A6C74CBC}.Debug|x64.Build.0 = Debug|Any CPU
		{C759E558-965E-448E-9EFF-8D50A6C74CBC}.Debug|x86.ActiveCfg = Debug|Any CPU
		{C759E558-965E-448E-9EFF-8D50A6C74CBC}.Debug|x86.Build.0 = Debug|Any CPU
		{C759E558-965E-448E-9EFF-8D50A6C74CBC}.Release|Any CPU.ActiveCfg = Release|Any CPU
		{C759E558-965E-448E-9EFF-8D50A6C74CBC}.Release|Any CPU.Build.0 = Release|Any CPU
		{C759E558-965E-448E-9EFF-8D50A6C74CBC}.Release|x64.ActiveCfg = Release|Any CPU
		{C759E558-965E-448E-9EFF-8D50A6C74CBC}.Release|x64.Build.0 = Release|Any CPU
		{C759E558-965E-448E-9EFF-8D50A6C74CBC}.Release|x86.ActiveCfg = Release|Any CPU
		{C759E558-965E-448E-9EFF-8D50A6C74CBC}.Release|x86.Build.0 = Release|Any CPU
		{FA6B409A-D336-4C75-B529-FB8ED147D097}.Debug|Any CPU.ActiveCfg = Debug|Any CPU
		{FA6B409A-D336-4C75-B529-FB8ED147D097}.Debug|Any CPU.Build.0 = Debug|Any CPU
		{FA6B409A-D336-4C75-B529-FB8ED147D097}.Debug|x64.ActiveCfg = Debug|Any CPU
		{FA6B409A-D336-4C75-B529-FB8ED147D097}.Debug|x64.Build.0 = Debug|Any CPU
		{FA6B409A-D336-4C75-B529-FB8ED147D097}.Debug|x86.ActiveCfg = Debug|Any CPU
		{FA6B409A-D336-4C75-B529-FB8ED147D097}.Debug|x86.Build.0 = Debug|Any CPU
		{FA6B409A-D336-4C75-B529-FB8ED147D097}.Release|Any CPU.ActiveCfg = Release|Any CPU
		{FA6B409A-D336-4C75-B529-FB8ED147D097}.Release|Any CPU.Build.0 = Release|Any CPU
		{FA6B409A-D336-4C75-B529-FB8ED147D097}.Release|x64.ActiveCfg = Release|Any CPU
		{FA6B409A-D336-4C75-B529-FB8ED147D097}.Release|x64.Build.0 = Release|Any CPU
		{FA6B409A-D336-4C75-B529-FB8ED147D097}.Release|x86.ActiveCfg = Release|Any CPU
		{FA6B409A-D336-4C75-B529-FB8ED147D097}.Release|x86.Build.0 = Release|Any CPU
		{80AB712D-910B-4840-BF43-D69ED8337957}.Debug|Any CPU.ActiveCfg = Debug|Any CPU
		{80AB712D-910B-4840-BF43-D69ED8337957}.Debug|Any CPU.Build.0 = Debug|Any CPU
		{80AB712D-910B-4840-BF43-D69ED8337957}.Debug|x64.ActiveCfg = Debug|Any CPU
		{80AB712D-910B-4840-BF43-D69ED8337957}.Debug|x64.Build.0 = Debug|Any CPU
		{80AB712D-910B-4840-BF43-D69ED8337957}.Debug|x86.ActiveCfg = Debug|Any CPU
		{80AB712D-910B-4840-BF43-D69ED8337957}.Debug|x86.Build.0 = Debug|Any CPU
		{80AB712D-910B-4840-BF43-D69ED8337957}.Release|Any CPU.ActiveCfg = Release|Any CPU
		{80AB712D-910B-4840-BF43-D69ED8337957}.Release|Any CPU.Build.0 = Release|Any CPU
		{80AB712D-910B-4840-BF43-D69ED8337957}.Release|x64.ActiveCfg = Release|Any CPU
		{80AB712D-910B-4840-BF43-D69ED8337957}.Release|x64.Build.0 = Release|Any CPU
		{80AB712D-910B-4840-BF43-D69ED8337957}.Release|x86.ActiveCfg = Release|Any CPU
		{80AB712D-910B-4840-BF43-D69ED8337957}.Release|x86.Build.0 = Release|Any CPU
		{35A4622E-492F-432D-A466-26C3BEDAE5E7}.Debug|Any CPU.ActiveCfg = Debug|Any CPU
		{35A4622E-492F-432D-A466-26C3BEDAE5E7}.Debug|Any CPU.Build.0 = Debug|Any CPU
		{35A4622E-492F-432D-A466-26C3BEDAE5E7}.Debug|x64.ActiveCfg = Debug|Any CPU
		{35A4622E-492F-432D-A466-26C3BEDAE5E7}.Debug|x64.Build.0 = Debug|Any CPU
		{35A4622E-492F-432D-A466-26C3BEDAE5E7}.Debug|x86.ActiveCfg = Debug|Any CPU
		{35A4622E-492F-432D-A466-26C3BEDAE5E7}.Debug|x86.Build.0 = Debug|Any CPU
		{35A4622E-492F-432D-A466-26C3BEDAE5E7}.Release|Any CPU.ActiveCfg = Release|Any CPU
		{35A4622E-492F-432D-A466-26C3BEDAE5E7}.Release|Any CPU.Build.0 = Release|Any CPU
		{35A4622E-492F-432D-A466-26C3BEDAE5E7}.Release|x64.ActiveCfg = Release|Any CPU
		{35A4622E-492F-432D-A466-26C3BEDAE5E7}.Release|x64.Build.0 = Release|Any CPU
		{35A4622E-492F-432D-A466-26C3BEDAE5E7}.Release|x86.ActiveCfg = Release|Any CPU
		{35A4622E-492F-432D-A466-26C3BEDAE5E7}.Release|x86.Build.0 = Release|Any CPU
		{6711DF62-F69E-4229-86FC-9768D7A0554C}.Debug|Any CPU.ActiveCfg = Debug|Any CPU
		{6711DF62-F69E-4229-86FC-9768D7A0554C}.Debug|Any CPU.Build.0 = Debug|Any CPU
		{6711DF62-F69E-4229-86FC-9768D7A0554C}.Debug|x64.ActiveCfg = Debug|Any CPU
		{6711DF62-F69E-4229-86FC-9768D7A0554C}.Debug|x64.Build.0 = Debug|Any CPU
		{6711DF62-F69E-4229-86FC-9768D7A0554C}.Debug|x86.ActiveCfg = Debug|Any CPU
		{6711DF62-F69E-4229-86FC-9768D7A0554C}.Debug|x86.Build.0 = Debug|Any CPU
		{6711DF62-F69E-4229-86FC-9768D7A0554C}.Release|Any CPU.ActiveCfg = Release|Any CPU
		{6711DF62-F69E-4229-86FC-9768D7A0554C}.Release|Any CPU.Build.0 = Release|Any CPU
		{6711DF62-F69E-4229-86FC-9768D7A0554C}.Release|x64.ActiveCfg = Release|Any CPU
		{6711DF62-F69E-4229-86FC-9768D7A0554C}.Release|x64.Build.0 = Release|Any CPU
		{6711DF62-F69E-4229-86FC-9768D7A0554C}.Release|x86.ActiveCfg = Release|Any CPU
		{6711DF62-F69E-4229-86FC-9768D7A0554C}.Release|x86.Build.0 = Release|Any CPU
		{9C894D5C-3337-44B3-A0BA-93DFDCB5B4DE}.Debug|Any CPU.ActiveCfg = Debug|Any CPU
		{9C894D5C-3337-44B3-A0BA-93DFDCB5B4DE}.Debug|Any CPU.Build.0 = Debug|Any CPU
		{9C894D5C-3337-44B3-A0BA-93DFDCB5B4DE}.Debug|x64.ActiveCfg = Debug|Any CPU
		{9C894D5C-3337-44B3-A0BA-93DFDCB5B4DE}.Debug|x64.Build.0 = Debug|Any CPU
		{9C894D5C-3337-44B3-A0BA-93DFDCB5B4DE}.Debug|x86.ActiveCfg = Debug|Any CPU
		{9C894D5C-3337-44B3-A0BA-93DFDCB5B4DE}.Debug|x86.Build.0 = Debug|Any CPU
		{9C894D5C-3337-44B3-A0BA-93DFDCB5B4DE}.Release|Any CPU.ActiveCfg = Release|Any CPU
		{9C894D5C-3337-44B3-A0BA-93DFDCB5B4DE}.Release|Any CPU.Build.0 = Release|Any CPU
		{9C894D5C-3337-44B3-A0BA-93DFDCB5B4DE}.Release|x64.ActiveCfg = Release|Any CPU
		{9C894D5C-3337-44B3-A0BA-93DFDCB5B4DE}.Release|x64.Build.0 = Release|Any CPU
		{9C894D5C-3337-44B3-A0BA-93DFDCB5B4DE}.Release|x86.ActiveCfg = Release|Any CPU
		{9C894D5C-3337-44B3-A0BA-93DFDCB5B4DE}.Release|x86.Build.0 = Release|Any CPU
		{699225A6-9FB1-4275-B85D-334150454D0F}.Debug|Any CPU.ActiveCfg = Debug|Any CPU
		{699225A6-9FB1-4275-B85D-334150454D0F}.Debug|Any CPU.Build.0 = Debug|Any CPU
		{699225A6-9FB1-4275-B85D-334150454D0F}.Debug|x64.ActiveCfg = Debug|Any CPU
		{699225A6-9FB1-4275-B85D-334150454D0F}.Debug|x64.Build.0 = Debug|Any CPU
		{699225A6-9FB1-4275-B85D-334150454D0F}.Debug|x86.ActiveCfg = Debug|Any CPU
		{699225A6-9FB1-4275-B85D-334150454D0F}.Debug|x86.Build.0 = Debug|Any CPU
		{699225A6-9FB1-4275-B85D-334150454D0F}.Release|Any CPU.ActiveCfg = Release|Any CPU
		{699225A6-9FB1-4275-B85D-334150454D0F}.Release|Any CPU.Build.0 = Release|Any CPU
		{699225A6-9FB1-4275-B85D-334150454D0F}.Release|x64.ActiveCfg = Release|Any CPU
		{699225A6-9FB1-4275-B85D-334150454D0F}.Release|x64.Build.0 = Release|Any CPU
		{699225A6-9FB1-4275-B85D-334150454D0F}.Release|x86.ActiveCfg = Release|Any CPU
		{699225A6-9FB1-4275-B85D-334150454D0F}.Release|x86.Build.0 = Release|Any CPU
		{C00FD962-92F5-46D8-AB9F-3E00C578A410}.Debug|Any CPU.ActiveCfg = Debug|Any CPU
		{C00FD962-92F5-46D8-AB9F-3E00C578A410}.Debug|Any CPU.Build.0 = Debug|Any CPU
		{C00FD962-92F5-46D8-AB9F-3E00C578A410}.Debug|x64.ActiveCfg = Debug|Any CPU
		{C00FD962-92F5-46D8-AB9F-3E00C578A410}.Debug|x64.Build.0 = Debug|Any CPU
		{C00FD962-92F5-46D8-AB9F-3E00C578A410}.Debug|x86.ActiveCfg = Debug|Any CPU
		{C00FD962-92F5-46D8-AB9F-3E00C578A410}.Debug|x86.Build.0 = Debug|Any CPU
		{C00FD962-92F5-46D8-AB9F-3E00C578A410}.Release|Any CPU.ActiveCfg = Release|Any CPU
		{C00FD962-92F5-46D8-AB9F-3E00C578A410}.Release|Any CPU.Build.0 = Release|Any CPU
		{C00FD962-92F5-46D8-AB9F-3E00C578A410}.Release|x64.ActiveCfg = Release|Any CPU
		{C00FD962-92F5-46D8-AB9F-3E00C578A410}.Release|x64.Build.0 = Release|Any CPU
		{C00FD962-92F5-46D8-AB9F-3E00C578A410}.Release|x86.ActiveCfg = Release|Any CPU
		{C00FD962-92F5-46D8-AB9F-3E00C578A410}.Release|x86.Build.0 = Release|Any CPU
		{63266F8F-170E-46DB-8E62-2ECF90781118}.Debug|Any CPU.ActiveCfg = Debug|Any CPU
		{63266F8F-170E-46DB-8E62-2ECF90781118}.Debug|Any CPU.Build.0 = Debug|Any CPU
		{63266F8F-170E-46DB-8E62-2ECF90781118}.Debug|x64.ActiveCfg = Debug|Any CPU
		{63266F8F-170E-46DB-8E62-2ECF90781118}.Debug|x64.Build.0 = Debug|Any CPU
		{63266F8F-170E-46DB-8E62-2ECF90781118}.Debug|x86.ActiveCfg = Debug|Any CPU
		{63266F8F-170E-46DB-8E62-2ECF90781118}.Debug|x86.Build.0 = Debug|Any CPU
		{63266F8F-170E-46DB-8E62-2ECF90781118}.Release|Any CPU.ActiveCfg = Release|Any CPU
		{63266F8F-170E-46DB-8E62-2ECF90781118}.Release|Any CPU.Build.0 = Release|Any CPU
		{63266F8F-170E-46DB-8E62-2ECF90781118}.Release|x64.ActiveCfg = Release|Any CPU
		{63266F8F-170E-46DB-8E62-2ECF90781118}.Release|x64.Build.0 = Release|Any CPU
		{63266F8F-170E-46DB-8E62-2ECF90781118}.Release|x86.ActiveCfg = Release|Any CPU
		{63266F8F-170E-46DB-8E62-2ECF90781118}.Release|x86.Build.0 = Release|Any CPU
		{1E8FE668-EB6A-4910-A5BD-15C2BD577BDD}.Debug|Any CPU.ActiveCfg = Debug|Any CPU
		{1E8FE668-EB6A-4910-A5BD-15C2BD577BDD}.Debug|Any CPU.Build.0 = Debug|Any CPU
		{1E8FE668-EB6A-4910-A5BD-15C2BD577BDD}.Debug|x64.ActiveCfg = Debug|Any CPU
		{1E8FE668-EB6A-4910-A5BD-15C2BD577BDD}.Debug|x64.Build.0 = Debug|Any CPU
		{1E8FE668-EB6A-4910-A5BD-15C2BD577BDD}.Debug|x86.ActiveCfg = Debug|Any CPU
		{1E8FE668-EB6A-4910-A5BD-15C2BD577BDD}.Debug|x86.Build.0 = Debug|Any CPU
		{1E8FE668-EB6A-4910-A5BD-15C2BD577BDD}.Release|Any CPU.ActiveCfg = Release|Any CPU
		{1E8FE668-EB6A-4910-A5BD-15C2BD577BDD}.Release|Any CPU.Build.0 = Release|Any CPU
		{1E8FE668-EB6A-4910-A5BD-15C2BD577BDD}.Release|x64.ActiveCfg = Release|Any CPU
		{1E8FE668-EB6A-4910-A5BD-15C2BD577BDD}.Release|x64.Build.0 = Release|Any CPU
		{1E8FE668-EB6A-4910-A5BD-15C2BD577BDD}.Release|x86.ActiveCfg = Release|Any CPU
		{1E8FE668-EB6A-4910-A5BD-15C2BD577BDD}.Release|x86.Build.0 = Release|Any CPU
		{F28C761A-E668-4FAA-820C-811682285162}.Debug|Any CPU.ActiveCfg = Debug|Any CPU
		{F28C761A-E668-4FAA-820C-811682285162}.Debug|Any CPU.Build.0 = Debug|Any CPU
		{F28C761A-E668-4FAA-820C-811682285162}.Debug|x64.ActiveCfg = Debug|Any CPU
		{F28C761A-E668-4FAA-820C-811682285162}.Debug|x64.Build.0 = Debug|Any CPU
		{F28C761A-E668-4FAA-820C-811682285162}.Debug|x86.ActiveCfg = Debug|Any CPU
		{F28C761A-E668-4FAA-820C-811682285162}.Debug|x86.Build.0 = Debug|Any CPU
		{F28C761A-E668-4FAA-820C-811682285162}.Release|Any CPU.ActiveCfg = Release|Any CPU
		{F28C761A-E668-4FAA-820C-811682285162}.Release|Any CPU.Build.0 = Release|Any CPU
		{F28C761A-E668-4FAA-820C-811682285162}.Release|x64.ActiveCfg = Release|Any CPU
		{F28C761A-E668-4FAA-820C-811682285162}.Release|x64.Build.0 = Release|Any CPU
		{F28C761A-E668-4FAA-820C-811682285162}.Release|x86.ActiveCfg = Release|Any CPU
		{F28C761A-E668-4FAA-820C-811682285162}.Release|x86.Build.0 = Release|Any CPU
	EndGlobalSection
	GlobalSection(SolutionProperties) = preSolution
		HideSolutionNode = FALSE
	EndGlobalSection
	GlobalSection(NestedProjects) = preSolution
		{AFEBA230-0A8F-4995-AB63-BA73EC1AE925} = {4E73EECF-74AB-41B6-8562-925B489DCBBE}
		{C6276918-ECF5-4608-99A3-2D6CADFB637C} = {4B021BC1-FD6F-4A14-BF27-5699170F0678}
		{77EA8C65-A9D4-4921-8CF6-D244BC129123} = {C6276918-ECF5-4608-99A3-2D6CADFB637C}
		{5698BFCF-867C-40CA-B01B-6089B8F816F0} = {C6276918-ECF5-4608-99A3-2D6CADFB637C}
		{061683D3-6B9E-4055-82D7-05BF506FD0F8} = {C6276918-ECF5-4608-99A3-2D6CADFB637C}
		{983C0E16-7C7F-4728-9327-BF985A5AE810} = {4B021BC1-FD6F-4A14-BF27-5699170F0678}
		{376A20D1-C61F-4AF7-AFE7-729569BC46FE} = {983C0E16-7C7F-4728-9327-BF985A5AE810}
		{39DE6E91-66FA-4A9F-BDCF-D8325CA0C867} = {983C0E16-7C7F-4728-9327-BF985A5AE810}
		{64C299BD-756F-4007-BF0A-7ABCA01805AF} = {983C0E16-7C7F-4728-9327-BF985A5AE810}
		{BBF87147-5D77-4CA1-8C79-60993C529F12} = {4B021BC1-FD6F-4A14-BF27-5699170F0678}
		{5871CEF1-8F16-4D22-B0DC-4B67A6E29419} = {BBF87147-5D77-4CA1-8C79-60993C529F12}
		{E62A9B85-1110-4B38-B655-129D1BD351FF} = {BBF87147-5D77-4CA1-8C79-60993C529F12}
		{4398A7D3-5783-4644-AF3F-44F742732DD6} = {BBF87147-5D77-4CA1-8C79-60993C529F12}
		{3A809F70-5CFB-4338-80C9-478018FD6600} = {4B021BC1-FD6F-4A14-BF27-5699170F0678}
		{A734A80B-5FD1-4480-82CE-4C7F760F803D} = {3A809F70-5CFB-4338-80C9-478018FD6600}
		{369719FA-32DA-4F89-A969-1D68AADE5AF9} = {3A809F70-5CFB-4338-80C9-478018FD6600}
		{82D0F950-165E-4AC2-B24D-4D8192D62FC6} = {3A809F70-5CFB-4338-80C9-478018FD6600}
		{D2356AF1-55DB-4BE6-8684-92DCFFBAE32B} = {4B021BC1-FD6F-4A14-BF27-5699170F0678}
		{BC9E6E34-471C-4D35-A861-CAFB306F217E} = {D2356AF1-55DB-4BE6-8684-92DCFFBAE32B}
		{5BA1C3F1-5EC2-444D-A430-B1A05CE8008A} = {D2356AF1-55DB-4BE6-8684-92DCFFBAE32B}
		{C759E558-965E-448E-9EFF-8D50A6C74CBC} = {D2356AF1-55DB-4BE6-8684-92DCFFBAE32B}
		{FA6B409A-D336-4C75-B529-FB8ED147D097} = {44C9FD29-31EC-4A0A-A336-2D187E1C957D}
		{44C9FD29-31EC-4A0A-A336-2D187E1C957D} = {4B021BC1-FD6F-4A14-BF27-5699170F0678}
		{8E847C38-7305-4D27-ABD2-AA3D1E3845F4} = {4B021BC1-FD6F-4A14-BF27-5699170F0678}
		{80AB712D-910B-4840-BF43-D69ED8337957} = {8E847C38-7305-4D27-ABD2-AA3D1E3845F4}
		{35A4622E-492F-432D-A466-26C3BEDAE5E7} = {8E847C38-7305-4D27-ABD2-AA3D1E3845F4}
		{6711DF62-F69E-4229-86FC-9768D7A0554C} = {3A809F70-5CFB-4338-80C9-478018FD6600}
		{9C894D5C-3337-44B3-A0BA-93DFDCB5B4DE} = {983C0E16-7C7F-4728-9327-BF985A5AE810}
		{C00FD962-92F5-46D8-AB9F-3E00C578A410} = {AFEBA230-0A8F-4995-AB63-BA73EC1AE925}
		{1153BA2F-FCD2-4C52-A21B-FCB5C1B2B115} = {4E73EECF-74AB-41B6-8562-925B489DCBBE}
		{63266F8F-170E-46DB-8E62-2ECF90781118} = {1153BA2F-FCD2-4C52-A21B-FCB5C1B2B115}
		{1E8FE668-EB6A-4910-A5BD-15C2BD577BDD} = {1153BA2F-FCD2-4C52-A21B-FCB5C1B2B115}
		{F28C761A-E668-4FAA-820C-811682285162} = {1153BA2F-FCD2-4C52-A21B-FCB5C1B2B115}
	EndGlobalSection
	GlobalSection(ExtensibilityGlobals) = postSolution
		SolutionGuid = {6B709F53-1905-4018-A866-A1CDF30CFA2A}
	EndGlobalSection
EndGlobal
