Microsoft Visual Studio Solution File, Format Version 12.00
# Visual Studio 15
VisualStudioVersion = 15.0.27130.2010
MinimumVisualStudioVersion = 15.0.26124.0
Project("{2150E333-8FDC-42A3-9474-1A3956D46DE8}") = "Apps", "Apps", "{4E73EECF-74AB-41B6-8562-925B489DCBBE}"
EndProject
Project("{2150E333-8FDC-42A3-9474-1A3956D46DE8}") = "Web", "Web", "{AFEBA230-0A8F-4995-AB63-BA73EC1AE925}"
EndProject
Project("{9A19103F-16F7-4668-BE54-9A1E7A4F7556}") = "Neptune.App.Web", "Apps\Web\Neptune.App.Web\Neptune.App.Web.csproj", "{8608C51C-365E-4248-8F4D-EA951ABA50F7}"
EndProject
Project("{2150E333-8FDC-42A3-9474-1A3956D46DE8}") = "API", "API", "{BBD600C2-5816-4FEB-81AA-53755A79D65B}"
EndProject
Project("{2150E333-8FDC-42A3-9474-1A3956D46DE8}") = "Web", "Web", "{4D18FC89-A0C9-494C-87A6-258745AB9B29}"
EndProject
Project("{9A19103F-16F7-4668-BE54-9A1E7A4F7556}") = "Neptune.API.Web", "API\Web\Neptune.API.Web\Neptune.API.Web.csproj", "{7523A031-5449-4172-8D7C-9BE43F8D1F11}"
EndProject
Project("{2150E333-8FDC-42A3-9474-1A3956D46DE8}") = "Mobile", "Mobile", "{4DC09954-1CA4-46A0-BC06-9E24CC2368FB}"
EndProject
Project("{9A19103F-16F7-4668-BE54-9A1E7A4F7556}") = "Neptune.API.Mobile", "API\Mobile\Neptune.API.Mobile\Neptune.API.Mobile.csproj", "{B72BF3C9-C450-4F2F-AA38-7814DA9310DE}"
EndProject
Project("{2150E333-8FDC-42A3-9474-1A3956D46DE8}") = "Common", "Common", "{4E8DED96-9D43-4947-BB4B-36A286AF343E}"
EndProject
Project("{9A19103F-16F7-4668-BE54-9A1E7A4F7556}") = "Neptune.API.Common", "API\Common\Neptune.API.Common\Neptune.API.Common.csproj", "{F943E998-4B65-488E-BCAB-2BE0CF863326}"
EndProject
Project("{9A19103F-16F7-4668-BE54-9A1E7A4F7556}") = "Neptune.API.Web.Models", "API\Web\Neptune.API.Web.Models\Neptune.API.Web.Models.csproj", "{7DE71A7D-AEC1-49CE-ABF0-38661E539621}"
EndProject
Project("{9A19103F-16F7-4668-BE54-9A1E7A4F7556}") = "Neptune.API.Mobile.Models", "API\Mobile\Neptune.API.Mobile.Models\Neptune.API.Mobile.Models.csproj", "{F1B9F908-2182-40C2-BFD6-67E7644C188D}"
EndProject
Project("{2150E333-8FDC-42A3-9474-1A3956D46DE8}") = "Services", "Services", "{4B021BC1-FD6F-4A14-BF27-5699170F0678}"
EndProject
Project("{2150E333-8FDC-42A3-9474-1A3956D46DE8}") = "Discussions", "Discussions", "{C6276918-ECF5-4608-99A3-2D6CADFB637C}"
EndProject
Project("{9A19103F-16F7-4668-BE54-9A1E7A4F7556}") = "Neptune.Services.Discussions", "Services\Discussions\Neptune.Services.Discussions\Neptune.Services.Discussions.csproj", "{77EA8C65-A9D4-4921-8CF6-D244BC129123}"
EndProject
Project("{9A19103F-16F7-4668-BE54-9A1E7A4F7556}") = "Neptune.Services.Discussions.Messages", "Services\Discussions\Neptune.Services.Discussions.Messages\Neptune.Services.Discussions.Messages.csproj", "{5698BFCF-867C-40CA-B01B-6089B8F816F0}"
EndProject
Project("{9A19103F-16F7-4668-BE54-9A1E7A4F7556}") = "Neptune.Services.Discussions.Tests", "Services\Discussions\Neptune.Services.Discussions.Tests\Neptune.Services.Discussions.Tests.csproj", "{061683D3-6B9E-4055-82D7-05BF506FD0F8}"
EndProject
Project("{2150E333-8FDC-42A3-9474-1A3956D46DE8}") = "Profiles", "Profiles", "{983C0E16-7C7F-4728-9327-BF985A5AE810}"
EndProject
Project("{9A19103F-16F7-4668-BE54-9A1E7A4F7556}") = "Neptune.Services.Profiles", "Services\Profiles\Neptune.Services.Profiles\Neptune.Services.Profiles.csproj", "{376A20D1-C61F-4AF7-AFE7-729569BC46FE}"
EndProject
Project("{9A19103F-16F7-4668-BE54-9A1E7A4F7556}") = "Neptune.Services.Profiles.Messages", "Services\Profiles\Neptune.Services.Profiles.Messages\Neptune.Services.Profiles.Messages.csproj", "{39DE6E91-66FA-4A9F-BDCF-D8325CA0C867}"
EndProject
Project("{9A19103F-16F7-4668-BE54-9A1E7A4F7556}") = "Neptune.Services.Profiles.Tests", "Services\Profiles\Neptune.Services.Profiles.Tests\Neptune.Services.Profiles.Tests.csproj", "{64C299BD-756F-4007-BF0A-7ABCA01805AF}"
EndProject
Project("{2150E333-8FDC-42A3-9474-1A3956D46DE8}") = "Search", "Search", "{BBF87147-5D77-4CA1-8C79-60993C529F12}"
EndProject
Project("{9A19103F-16F7-4668-BE54-9A1E7A4F7556}") = "Neptune.Services.Search", "Services\Search\Neptune.Services.Search\Neptune.Services.Search.csproj", "{5871CEF1-8F16-4D22-B0DC-4B67A6E29419}"
EndProject
Project("{9A19103F-16F7-4668-BE54-9A1E7A4F7556}") = "Neptune.Services.Search.Messages", "Services\Search\Neptune.Services.Search.Messages\Neptune.Services.Search.Messages.csproj", "{E62A9B85-1110-4B38-B655-129D1BD351FF}"
EndProject
Project("{9A19103F-16F7-4668-BE54-9A1E7A4F7556}") = "Neptune.Services.Search.Tests", "Services\Search\Neptune.Services.Search.Tests\Neptune.Services.Search.Tests.csproj", "{4398A7D3-5783-4644-AF3F-44F742732DD6}"
EndProject
Project("{2150E333-8FDC-42A3-9474-1A3956D46DE8}") = "Identity", "Identity", "{A9660628-EA3C-44D8-8AAF-5603ABF78C04}"
EndProject
Project("{9A19103F-16F7-4668-BE54-9A1E7A4F7556}") = "Neptune.Services.Identity", "Services\Identity\Neptune.Services.Identity\Neptune.Services.Identity.csproj", "{CB4B4479-A8B3-4E42-8DBB-70011CCF8213}"
EndProject
Project("{9A19103F-16F7-4668-BE54-9A1E7A4F7556}") = "Neptune.Services.Identity.Messages", "Services\Identity\Neptune.Services.Identity.Messages\Neptune.Services.Identity.Messages.csproj", "{546EF844-7A67-4940-8600-FED601C35BBE}"
EndProject
Project("{9A19103F-16F7-4668-BE54-9A1E7A4F7556}") = "Neptune.Services.Identity.Tests", "Services\Identity\Neptune.Services.Identity.Tests\Neptune.Services.Identity.Tests.csproj", "{25C1403E-3744-48A3-926B-75DC003B1870}"
EndProject
Project("{FAE04EC0-301F-11D3-BF4B-00C04F79EFBC}") = "Neptune.Services.Common", "Services\Neptune.Services.Common\Neptune.Services.Common.csproj", "{8D88807D-42DD-499A-8655-DAEE9C9F4860}"
EndProject
Global
	GlobalSection(SolutionConfigurationPlatforms) = preSolution
		Debug|Any CPU = Debug|Any CPU
		Debug|x64 = Debug|x64
		Debug|x86 = Debug|x86
		Release|Any CPU = Release|Any CPU
		Release|x64 = Release|x64
		Release|x86 = Release|x86
	EndGlobalSection
	GlobalSection(ProjectConfigurationPlatforms) = postSolution
		{8608C51C-365E-4248-8F4D-EA951ABA50F7}.Debug|Any CPU.ActiveCfg = Debug|Any CPU
		{8608C51C-365E-4248-8F4D-EA951ABA50F7}.Debug|Any CPU.Build.0 = Debug|Any CPU
		{8608C51C-365E-4248-8F4D-EA951ABA50F7}.Debug|x64.ActiveCfg = Debug|Any CPU
		{8608C51C-365E-4248-8F4D-EA951ABA50F7}.Debug|x64.Build.0 = Debug|Any CPU
		{8608C51C-365E-4248-8F4D-EA951ABA50F7}.Debug|x86.ActiveCfg = Debug|Any CPU
		{8608C51C-365E-4248-8F4D-EA951ABA50F7}.Debug|x86.Build.0 = Debug|Any CPU
		{8608C51C-365E-4248-8F4D-EA951ABA50F7}.Release|Any CPU.ActiveCfg = Release|Any CPU
		{8608C51C-365E-4248-8F4D-EA951ABA50F7}.Release|Any CPU.Build.0 = Release|Any CPU
		{8608C51C-365E-4248-8F4D-EA951ABA50F7}.Release|x64.ActiveCfg = Release|Any CPU
		{8608C51C-365E-4248-8F4D-EA951ABA50F7}.Release|x64.Build.0 = Release|Any CPU
		{8608C51C-365E-4248-8F4D-EA951ABA50F7}.Release|x86.ActiveCfg = Release|Any CPU
		{8608C51C-365E-4248-8F4D-EA951ABA50F7}.Release|x86.Build.0 = Release|Any CPU
		{7523A031-5449-4172-8D7C-9BE43F8D1F11}.Debug|Any CPU.ActiveCfg = Debug|Any CPU
		{7523A031-5449-4172-8D7C-9BE43F8D1F11}.Debug|Any CPU.Build.0 = Debug|Any CPU
		{7523A031-5449-4172-8D7C-9BE43F8D1F11}.Debug|x64.ActiveCfg = Debug|Any CPU
		{7523A031-5449-4172-8D7C-9BE43F8D1F11}.Debug|x64.Build.0 = Debug|Any CPU
		{7523A031-5449-4172-8D7C-9BE43F8D1F11}.Debug|x86.ActiveCfg = Debug|Any CPU
		{7523A031-5449-4172-8D7C-9BE43F8D1F11}.Debug|x86.Build.0 = Debug|Any CPU
		{7523A031-5449-4172-8D7C-9BE43F8D1F11}.Release|Any CPU.ActiveCfg = Release|Any CPU
		{7523A031-5449-4172-8D7C-9BE43F8D1F11}.Release|Any CPU.Build.0 = Release|Any CPU
		{7523A031-5449-4172-8D7C-9BE43F8D1F11}.Release|x64.ActiveCfg = Release|Any CPU
		{7523A031-5449-4172-8D7C-9BE43F8D1F11}.Release|x64.Build.0 = Release|Any CPU
		{7523A031-5449-4172-8D7C-9BE43F8D1F11}.Release|x86.ActiveCfg = Release|Any CPU
		{7523A031-5449-4172-8D7C-9BE43F8D1F11}.Release|x86.Build.0 = Release|Any CPU
		{B72BF3C9-C450-4F2F-AA38-7814DA9310DE}.Debug|Any CPU.ActiveCfg = Debug|Any CPU
		{B72BF3C9-C450-4F2F-AA38-7814DA9310DE}.Debug|Any CPU.Build.0 = Debug|Any CPU
		{B72BF3C9-C450-4F2F-AA38-7814DA9310DE}.Debug|x64.ActiveCfg = Debug|Any CPU
		{B72BF3C9-C450-4F2F-AA38-7814DA9310DE}.Debug|x64.Build.0 = Debug|Any CPU
		{B72BF3C9-C450-4F2F-AA38-7814DA9310DE}.Debug|x86.ActiveCfg = Debug|Any CPU
		{B72BF3C9-C450-4F2F-AA38-7814DA9310DE}.Debug|x86.Build.0 = Debug|Any CPU
		{B72BF3C9-C450-4F2F-AA38-7814DA9310DE}.Release|Any CPU.ActiveCfg = Release|Any CPU
		{B72BF3C9-C450-4F2F-AA38-7814DA9310DE}.Release|Any CPU.Build.0 = Release|Any CPU
		{B72BF3C9-C450-4F2F-AA38-7814DA9310DE}.Release|x64.ActiveCfg = Release|Any CPU
		{B72BF3C9-C450-4F2F-AA38-7814DA9310DE}.Release|x64.Build.0 = Release|Any CPU
		{B72BF3C9-C450-4F2F-AA38-7814DA9310DE}.Release|x86.ActiveCfg = Release|Any CPU
		{B72BF3C9-C450-4F2F-AA38-7814DA9310DE}.Release|x86.Build.0 = Release|Any CPU
		{F943E998-4B65-488E-BCAB-2BE0CF863326}.Debug|Any CPU.ActiveCfg = Debug|Any CPU
		{F943E998-4B65-488E-BCAB-2BE0CF863326}.Debug|Any CPU.Build.0 = Debug|Any CPU
		{F943E998-4B65-488E-BCAB-2BE0CF863326}.Debug|x64.ActiveCfg = Debug|Any CPU
		{F943E998-4B65-488E-BCAB-2BE0CF863326}.Debug|x64.Build.0 = Debug|Any CPU
		{F943E998-4B65-488E-BCAB-2BE0CF863326}.Debug|x86.ActiveCfg = Debug|Any CPU
		{F943E998-4B65-488E-BCAB-2BE0CF863326}.Debug|x86.Build.0 = Debug|Any CPU
		{F943E998-4B65-488E-BCAB-2BE0CF863326}.Release|Any CPU.ActiveCfg = Release|Any CPU
		{F943E998-4B65-488E-BCAB-2BE0CF863326}.Release|Any CPU.Build.0 = Release|Any CPU
		{F943E998-4B65-488E-BCAB-2BE0CF863326}.Release|x64.ActiveCfg = Release|Any CPU
		{F943E998-4B65-488E-BCAB-2BE0CF863326}.Release|x64.Build.0 = Release|Any CPU
		{F943E998-4B65-488E-BCAB-2BE0CF863326}.Release|x86.ActiveCfg = Release|Any CPU
		{F943E998-4B65-488E-BCAB-2BE0CF863326}.Release|x86.Build.0 = Release|Any CPU
		{7DE71A7D-AEC1-49CE-ABF0-38661E539621}.Debug|Any CPU.ActiveCfg = Debug|Any CPU
		{7DE71A7D-AEC1-49CE-ABF0-38661E539621}.Debug|Any CPU.Build.0 = Debug|Any CPU
		{7DE71A7D-AEC1-49CE-ABF0-38661E539621}.Debug|x64.ActiveCfg = Debug|Any CPU
		{7DE71A7D-AEC1-49CE-ABF0-38661E539621}.Debug|x64.Build.0 = Debug|Any CPU
		{7DE71A7D-AEC1-49CE-ABF0-38661E539621}.Debug|x86.ActiveCfg = Debug|Any CPU
		{7DE71A7D-AEC1-49CE-ABF0-38661E539621}.Debug|x86.Build.0 = Debug|Any CPU
		{7DE71A7D-AEC1-49CE-ABF0-38661E539621}.Release|Any CPU.ActiveCfg = Release|Any CPU
		{7DE71A7D-AEC1-49CE-ABF0-38661E539621}.Release|Any CPU.Build.0 = Release|Any CPU
		{7DE71A7D-AEC1-49CE-ABF0-38661E539621}.Release|x64.ActiveCfg = Release|Any CPU
		{7DE71A7D-AEC1-49CE-ABF0-38661E539621}.Release|x64.Build.0 = Release|Any CPU
		{7DE71A7D-AEC1-49CE-ABF0-38661E539621}.Release|x86.ActiveCfg = Release|Any CPU
		{7DE71A7D-AEC1-49CE-ABF0-38661E539621}.Release|x86.Build.0 = Release|Any CPU
		{F1B9F908-2182-40C2-BFD6-67E7644C188D}.Debug|Any CPU.ActiveCfg = Debug|Any CPU
		{F1B9F908-2182-40C2-BFD6-67E7644C188D}.Debug|Any CPU.Build.0 = Debug|Any CPU
		{F1B9F908-2182-40C2-BFD6-67E7644C188D}.Debug|x64.ActiveCfg = Debug|Any CPU
		{F1B9F908-2182-40C2-BFD6-67E7644C188D}.Debug|x64.Build.0 = Debug|Any CPU
		{F1B9F908-2182-40C2-BFD6-67E7644C188D}.Debug|x86.ActiveCfg = Debug|Any CPU
		{F1B9F908-2182-40C2-BFD6-67E7644C188D}.Debug|x86.Build.0 = Debug|Any CPU
		{F1B9F908-2182-40C2-BFD6-67E7644C188D}.Release|Any CPU.ActiveCfg = Release|Any CPU
		{F1B9F908-2182-40C2-BFD6-67E7644C188D}.Release|Any CPU.Build.0 = Release|Any CPU
		{F1B9F908-2182-40C2-BFD6-67E7644C188D}.Release|x64.ActiveCfg = Release|Any CPU
		{F1B9F908-2182-40C2-BFD6-67E7644C188D}.Release|x64.Build.0 = Release|Any CPU
		{F1B9F908-2182-40C2-BFD6-67E7644C188D}.Release|x86.ActiveCfg = Release|Any CPU
		{F1B9F908-2182-40C2-BFD6-67E7644C188D}.Release|x86.Build.0 = Release|Any CPU
		{77EA8C65-A9D4-4921-8CF6-D244BC129123}.Debug|Any CPU.ActiveCfg = Debug|Any CPU
		{77EA8C65-A9D4-4921-8CF6-D244BC129123}.Debug|Any CPU.Build.0 = Debug|Any CPU
		{77EA8C65-A9D4-4921-8CF6-D244BC129123}.Debug|x64.ActiveCfg = Debug|Any CPU
		{77EA8C65-A9D4-4921-8CF6-D244BC129123}.Debug|x64.Build.0 = Debug|Any CPU
		{77EA8C65-A9D4-4921-8CF6-D244BC129123}.Debug|x86.ActiveCfg = Debug|Any CPU
		{77EA8C65-A9D4-4921-8CF6-D244BC129123}.Debug|x86.Build.0 = Debug|Any CPU
		{77EA8C65-A9D4-4921-8CF6-D244BC129123}.Release|Any CPU.ActiveCfg = Release|Any CPU
		{77EA8C65-A9D4-4921-8CF6-D244BC129123}.Release|Any CPU.Build.0 = Release|Any CPU
		{77EA8C65-A9D4-4921-8CF6-D244BC129123}.Release|x64.ActiveCfg = Release|Any CPU
		{77EA8C65-A9D4-4921-8CF6-D244BC129123}.Release|x64.Build.0 = Release|Any CPU
		{77EA8C65-A9D4-4921-8CF6-D244BC129123}.Release|x86.ActiveCfg = Release|Any CPU
		{77EA8C65-A9D4-4921-8CF6-D244BC129123}.Release|x86.Build.0 = Release|Any CPU
		{5698BFCF-867C-40CA-B01B-6089B8F816F0}.Debug|Any CPU.ActiveCfg = Debug|Any CPU
		{5698BFCF-867C-40CA-B01B-6089B8F816F0}.Debug|Any CPU.Build.0 = Debug|Any CPU
		{5698BFCF-867C-40CA-B01B-6089B8F816F0}.Debug|x64.ActiveCfg = Debug|Any CPU
		{5698BFCF-867C-40CA-B01B-6089B8F816F0}.Debug|x64.Build.0 = Debug|Any CPU
		{5698BFCF-867C-40CA-B01B-6089B8F816F0}.Debug|x86.ActiveCfg = Debug|Any CPU
		{5698BFCF-867C-40CA-B01B-6089B8F816F0}.Debug|x86.Build.0 = Debug|Any CPU
		{5698BFCF-867C-40CA-B01B-6089B8F816F0}.Release|Any CPU.ActiveCfg = Release|Any CPU
		{5698BFCF-867C-40CA-B01B-6089B8F816F0}.Release|Any CPU.Build.0 = Release|Any CPU
		{5698BFCF-867C-40CA-B01B-6089B8F816F0}.Release|x64.ActiveCfg = Release|Any CPU
		{5698BFCF-867C-40CA-B01B-6089B8F816F0}.Release|x64.Build.0 = Release|Any CPU
		{5698BFCF-867C-40CA-B01B-6089B8F816F0}.Release|x86.ActiveCfg = Release|Any CPU
		{5698BFCF-867C-40CA-B01B-6089B8F816F0}.Release|x86.Build.0 = Release|Any CPU
		{061683D3-6B9E-4055-82D7-05BF506FD0F8}.Debug|Any CPU.ActiveCfg = Debug|Any CPU
		{061683D3-6B9E-4055-82D7-05BF506FD0F8}.Debug|Any CPU.Build.0 = Debug|Any CPU
		{061683D3-6B9E-4055-82D7-05BF506FD0F8}.Debug|x64.ActiveCfg = Debug|Any CPU
		{061683D3-6B9E-4055-82D7-05BF506FD0F8}.Debug|x64.Build.0 = Debug|Any CPU
		{061683D3-6B9E-4055-82D7-05BF506FD0F8}.Debug|x86.ActiveCfg = Debug|Any CPU
		{061683D3-6B9E-4055-82D7-05BF506FD0F8}.Debug|x86.Build.0 = Debug|Any CPU
		{061683D3-6B9E-4055-82D7-05BF506FD0F8}.Release|Any CPU.ActiveCfg = Release|Any CPU
		{061683D3-6B9E-4055-82D7-05BF506FD0F8}.Release|Any CPU.Build.0 = Release|Any CPU
		{061683D3-6B9E-4055-82D7-05BF506FD0F8}.Release|x64.ActiveCfg = Release|Any CPU
		{061683D3-6B9E-4055-82D7-05BF506FD0F8}.Release|x64.Build.0 = Release|Any CPU
		{061683D3-6B9E-4055-82D7-05BF506FD0F8}.Release|x86.ActiveCfg = Release|Any CPU
		{061683D3-6B9E-4055-82D7-05BF506FD0F8}.Release|x86.Build.0 = Release|Any CPU
		{376A20D1-C61F-4AF7-AFE7-729569BC46FE}.Debug|Any CPU.ActiveCfg = Debug|Any CPU
		{376A20D1-C61F-4AF7-AFE7-729569BC46FE}.Debug|Any CPU.Build.0 = Debug|Any CPU
		{376A20D1-C61F-4AF7-AFE7-729569BC46FE}.Debug|x64.ActiveCfg = Debug|Any CPU
		{376A20D1-C61F-4AF7-AFE7-729569BC46FE}.Debug|x64.Build.0 = Debug|Any CPU
		{376A20D1-C61F-4AF7-AFE7-729569BC46FE}.Debug|x86.ActiveCfg = Debug|Any CPU
		{376A20D1-C61F-4AF7-AFE7-729569BC46FE}.Debug|x86.Build.0 = Debug|Any CPU
		{376A20D1-C61F-4AF7-AFE7-729569BC46FE}.Release|Any CPU.ActiveCfg = Release|Any CPU
		{376A20D1-C61F-4AF7-AFE7-729569BC46FE}.Release|Any CPU.Build.0 = Release|Any CPU
		{376A20D1-C61F-4AF7-AFE7-729569BC46FE}.Release|x64.ActiveCfg = Release|Any CPU
		{376A20D1-C61F-4AF7-AFE7-729569BC46FE}.Release|x64.Build.0 = Release|Any CPU
		{376A20D1-C61F-4AF7-AFE7-729569BC46FE}.Release|x86.ActiveCfg = Release|Any CPU
		{376A20D1-C61F-4AF7-AFE7-729569BC46FE}.Release|x86.Build.0 = Release|Any CPU
		{39DE6E91-66FA-4A9F-BDCF-D8325CA0C867}.Debug|Any CPU.ActiveCfg = Debug|Any CPU
		{39DE6E91-66FA-4A9F-BDCF-D8325CA0C867}.Debug|Any CPU.Build.0 = Debug|Any CPU
		{39DE6E91-66FA-4A9F-BDCF-D8325CA0C867}.Debug|x64.ActiveCfg = Debug|Any CPU
		{39DE6E91-66FA-4A9F-BDCF-D8325CA0C867}.Debug|x64.Build.0 = Debug|Any CPU
		{39DE6E91-66FA-4A9F-BDCF-D8325CA0C867}.Debug|x86.ActiveCfg = Debug|Any CPU
		{39DE6E91-66FA-4A9F-BDCF-D8325CA0C867}.Debug|x86.Build.0 = Debug|Any CPU
		{39DE6E91-66FA-4A9F-BDCF-D8325CA0C867}.Release|Any CPU.ActiveCfg = Release|Any CPU
		{39DE6E91-66FA-4A9F-BDCF-D8325CA0C867}.Release|Any CPU.Build.0 = Release|Any CPU
		{39DE6E91-66FA-4A9F-BDCF-D8325CA0C867}.Release|x64.ActiveCfg = Release|Any CPU
		{39DE6E91-66FA-4A9F-BDCF-D8325CA0C867}.Release|x64.Build.0 = Release|Any CPU
		{39DE6E91-66FA-4A9F-BDCF-D8325CA0C867}.Release|x86.ActiveCfg = Release|Any CPU
		{39DE6E91-66FA-4A9F-BDCF-D8325CA0C867}.Release|x86.Build.0 = Release|Any CPU
		{64C299BD-756F-4007-BF0A-7ABCA01805AF}.Debug|Any CPU.ActiveCfg = Debug|Any CPU
		{64C299BD-756F-4007-BF0A-7ABCA01805AF}.Debug|Any CPU.Build.0 = Debug|Any CPU
		{64C299BD-756F-4007-BF0A-7ABCA01805AF}.Debug|x64.ActiveCfg = Debug|Any CPU
		{64C299BD-756F-4007-BF0A-7ABCA01805AF}.Debug|x64.Build.0 = Debug|Any CPU
		{64C299BD-756F-4007-BF0A-7ABCA01805AF}.Debug|x86.ActiveCfg = Debug|Any CPU
		{64C299BD-756F-4007-BF0A-7ABCA01805AF}.Debug|x86.Build.0 = Debug|Any CPU
		{64C299BD-756F-4007-BF0A-7ABCA01805AF}.Release|Any CPU.ActiveCfg = Release|Any CPU
		{64C299BD-756F-4007-BF0A-7ABCA01805AF}.Release|Any CPU.Build.0 = Release|Any CPU
		{64C299BD-756F-4007-BF0A-7ABCA01805AF}.Release|x64.ActiveCfg = Release|Any CPU
		{64C299BD-756F-4007-BF0A-7ABCA01805AF}.Release|x64.Build.0 = Release|Any CPU
		{64C299BD-756F-4007-BF0A-7ABCA01805AF}.Release|x86.ActiveCfg = Release|Any CPU
		{64C299BD-756F-4007-BF0A-7ABCA01805AF}.Release|x86.Build.0 = Release|Any CPU
		{5871CEF1-8F16-4D22-B0DC-4B67A6E29419}.Debug|Any CPU.ActiveCfg = Debug|Any CPU
		{5871CEF1-8F16-4D22-B0DC-4B67A6E29419}.Debug|Any CPU.Build.0 = Debug|Any CPU
		{5871CEF1-8F16-4D22-B0DC-4B67A6E29419}.Debug|x64.ActiveCfg = Debug|Any CPU
		{5871CEF1-8F16-4D22-B0DC-4B67A6E29419}.Debug|x64.Build.0 = Debug|Any CPU
		{5871CEF1-8F16-4D22-B0DC-4B67A6E29419}.Debug|x86.ActiveCfg = Debug|Any CPU
		{5871CEF1-8F16-4D22-B0DC-4B67A6E29419}.Debug|x86.Build.0 = Debug|Any CPU
		{5871CEF1-8F16-4D22-B0DC-4B67A6E29419}.Release|Any CPU.ActiveCfg = Release|Any CPU
		{5871CEF1-8F16-4D22-B0DC-4B67A6E29419}.Release|Any CPU.Build.0 = Release|Any CPU
		{5871CEF1-8F16-4D22-B0DC-4B67A6E29419}.Release|x64.ActiveCfg = Release|Any CPU
		{5871CEF1-8F16-4D22-B0DC-4B67A6E29419}.Release|x64.Build.0 = Release|Any CPU
		{5871CEF1-8F16-4D22-B0DC-4B67A6E29419}.Release|x86.ActiveCfg = Release|Any CPU
		{5871CEF1-8F16-4D22-B0DC-4B67A6E29419}.Release|x86.Build.0 = Release|Any CPU
		{E62A9B85-1110-4B38-B655-129D1BD351FF}.Debug|Any CPU.ActiveCfg = Debug|Any CPU
		{E62A9B85-1110-4B38-B655-129D1BD351FF}.Debug|Any CPU.Build.0 = Debug|Any CPU
		{E62A9B85-1110-4B38-B655-129D1BD351FF}.Debug|x64.ActiveCfg = Debug|Any CPU
		{E62A9B85-1110-4B38-B655-129D1BD351FF}.Debug|x64.Build.0 = Debug|Any CPU
		{E62A9B85-1110-4B38-B655-129D1BD351FF}.Debug|x86.ActiveCfg = Debug|Any CPU
		{E62A9B85-1110-4B38-B655-129D1BD351FF}.Debug|x86.Build.0 = Debug|Any CPU
		{E62A9B85-1110-4B38-B655-129D1BD351FF}.Release|Any CPU.ActiveCfg = Release|Any CPU
		{E62A9B85-1110-4B38-B655-129D1BD351FF}.Release|Any CPU.Build.0 = Release|Any CPU
		{E62A9B85-1110-4B38-B655-129D1BD351FF}.Release|x64.ActiveCfg = Release|Any CPU
		{E62A9B85-1110-4B38-B655-129D1BD351FF}.Release|x64.Build.0 = Release|Any CPU
		{E62A9B85-1110-4B38-B655-129D1BD351FF}.Release|x86.ActiveCfg = Release|Any CPU
		{E62A9B85-1110-4B38-B655-129D1BD351FF}.Release|x86.Build.0 = Release|Any CPU
		{4398A7D3-5783-4644-AF3F-44F742732DD6}.Debug|Any CPU.ActiveCfg = Debug|Any CPU
		{4398A7D3-5783-4644-AF3F-44F742732DD6}.Debug|Any CPU.Build.0 = Debug|Any CPU
		{4398A7D3-5783-4644-AF3F-44F742732DD6}.Debug|x64.ActiveCfg = Debug|Any CPU
		{4398A7D3-5783-4644-AF3F-44F742732DD6}.Debug|x64.Build.0 = Debug|Any CPU
		{4398A7D3-5783-4644-AF3F-44F742732DD6}.Debug|x86.ActiveCfg = Debug|Any CPU
		{4398A7D3-5783-4644-AF3F-44F742732DD6}.Debug|x86.Build.0 = Debug|Any CPU
		{4398A7D3-5783-4644-AF3F-44F742732DD6}.Release|Any CPU.ActiveCfg = Release|Any CPU
		{4398A7D3-5783-4644-AF3F-44F742732DD6}.Release|Any CPU.Build.0 = Release|Any CPU
		{4398A7D3-5783-4644-AF3F-44F742732DD6}.Release|x64.ActiveCfg = Release|Any CPU
		{4398A7D3-5783-4644-AF3F-44F742732DD6}.Release|x64.Build.0 = Release|Any CPU
		{4398A7D3-5783-4644-AF3F-44F742732DD6}.Release|x86.ActiveCfg = Release|Any CPU
		{4398A7D3-5783-4644-AF3F-44F742732DD6}.Release|x86.Build.0 = Release|Any CPU
		{CB4B4479-A8B3-4E42-8DBB-70011CCF8213}.Debug|Any CPU.ActiveCfg = Debug|Any CPU
		{CB4B4479-A8B3-4E42-8DBB-70011CCF8213}.Debug|Any CPU.Build.0 = Debug|Any CPU
		{CB4B4479-A8B3-4E42-8DBB-70011CCF8213}.Debug|x64.ActiveCfg = Debug|Any CPU
		{CB4B4479-A8B3-4E42-8DBB-70011CCF8213}.Debug|x64.Build.0 = Debug|Any CPU
		{CB4B4479-A8B3-4E42-8DBB-70011CCF8213}.Debug|x86.ActiveCfg = Debug|Any CPU
		{CB4B4479-A8B3-4E42-8DBB-70011CCF8213}.Debug|x86.Build.0 = Debug|Any CPU
		{CB4B4479-A8B3-4E42-8DBB-70011CCF8213}.Release|Any CPU.ActiveCfg = Release|Any CPU
		{CB4B4479-A8B3-4E42-8DBB-70011CCF8213}.Release|Any CPU.Build.0 = Release|Any CPU
		{CB4B4479-A8B3-4E42-8DBB-70011CCF8213}.Release|x64.ActiveCfg = Release|Any CPU
		{CB4B4479-A8B3-4E42-8DBB-70011CCF8213}.Release|x64.Build.0 = Release|Any CPU
		{CB4B4479-A8B3-4E42-8DBB-70011CCF8213}.Release|x86.ActiveCfg = Release|Any CPU
		{CB4B4479-A8B3-4E42-8DBB-70011CCF8213}.Release|x86.Build.0 = Release|Any CPU
		{546EF844-7A67-4940-8600-FED601C35BBE}.Debug|Any CPU.ActiveCfg = Debug|Any CPU
		{546EF844-7A67-4940-8600-FED601C35BBE}.Debug|Any CPU.Build.0 = Debug|Any CPU
		{546EF844-7A67-4940-8600-FED601C35BBE}.Debug|x64.ActiveCfg = Debug|Any CPU
		{546EF844-7A67-4940-8600-FED601C35BBE}.Debug|x64.Build.0 = Debug|Any CPU
		{546EF844-7A67-4940-8600-FED601C35BBE}.Debug|x86.ActiveCfg = Debug|Any CPU
		{546EF844-7A67-4940-8600-FED601C35BBE}.Debug|x86.Build.0 = Debug|Any CPU
		{546EF844-7A67-4940-8600-FED601C35BBE}.Release|Any CPU.ActiveCfg = Release|Any CPU
		{546EF844-7A67-4940-8600-FED601C35BBE}.Release|Any CPU.Build.0 = Release|Any CPU
		{546EF844-7A67-4940-8600-FED601C35BBE}.Release|x64.ActiveCfg = Release|Any CPU
		{546EF844-7A67-4940-8600-FED601C35BBE}.Release|x64.Build.0 = Release|Any CPU
		{546EF844-7A67-4940-8600-FED601C35BBE}.Release|x86.ActiveCfg = Release|Any CPU
		{546EF844-7A67-4940-8600-FED601C35BBE}.Release|x86.Build.0 = Release|Any CPU
		{25C1403E-3744-48A3-926B-75DC003B1870}.Debug|Any CPU.ActiveCfg = Debug|Any CPU
		{25C1403E-3744-48A3-926B-75DC003B1870}.Debug|Any CPU.Build.0 = Debug|Any CPU
		{25C1403E-3744-48A3-926B-75DC003B1870}.Debug|x64.ActiveCfg = Debug|Any CPU
		{25C1403E-3744-48A3-926B-75DC003B1870}.Debug|x64.Build.0 = Debug|Any CPU
		{25C1403E-3744-48A3-926B-75DC003B1870}.Debug|x86.ActiveCfg = Debug|Any CPU
		{25C1403E-3744-48A3-926B-75DC003B1870}.Debug|x86.Build.0 = Debug|Any CPU
		{25C1403E-3744-48A3-926B-75DC003B1870}.Release|Any CPU.ActiveCfg = Release|Any CPU
		{25C1403E-3744-48A3-926B-75DC003B1870}.Release|Any CPU.Build.0 = Release|Any CPU
		{25C1403E-3744-48A3-926B-75DC003B1870}.Release|x64.ActiveCfg = Release|Any CPU
		{25C1403E-3744-48A3-926B-75DC003B1870}.Release|x64.Build.0 = Release|Any CPU
		{25C1403E-3744-48A3-926B-75DC003B1870}.Release|x86.ActiveCfg = Release|Any CPU
		{25C1403E-3744-48A3-926B-75DC003B1870}.Release|x86.Build.0 = Release|Any CPU
		{8D88807D-42DD-499A-8655-DAEE9C9F4860}.Debug|Any CPU.ActiveCfg = Debug|Any CPU
		{8D88807D-42DD-499A-8655-DAEE9C9F4860}.Debug|Any CPU.Build.0 = Debug|Any CPU
		{8D88807D-42DD-499A-8655-DAEE9C9F4860}.Debug|x64.ActiveCfg = Debug|Any CPU
		{8D88807D-42DD-499A-8655-DAEE9C9F4860}.Debug|x64.Build.0 = Debug|Any CPU
		{8D88807D-42DD-499A-8655-DAEE9C9F4860}.Debug|x86.ActiveCfg = Debug|Any CPU
		{8D88807D-42DD-499A-8655-DAEE9C9F4860}.Debug|x86.Build.0 = Debug|Any CPU
		{8D88807D-42DD-499A-8655-DAEE9C9F4860}.Release|Any CPU.ActiveCfg = Release|Any CPU
		{8D88807D-42DD-499A-8655-DAEE9C9F4860}.Release|Any CPU.Build.0 = Release|Any CPU
		{8D88807D-42DD-499A-8655-DAEE9C9F4860}.Release|x64.ActiveCfg = Release|Any CPU
		{8D88807D-42DD-499A-8655-DAEE9C9F4860}.Release|x64.Build.0 = Release|Any CPU
		{8D88807D-42DD-499A-8655-DAEE9C9F4860}.Release|x86.ActiveCfg = Release|Any CPU
		{8D88807D-42DD-499A-8655-DAEE9C9F4860}.Release|x86.Build.0 = Release|Any CPU
	EndGlobalSection
	GlobalSection(SolutionProperties) = preSolution
		HideSolutionNode = FALSE
	EndGlobalSection
	GlobalSection(NestedProjects) = preSolution
		{AFEBA230-0A8F-4995-AB63-BA73EC1AE925} = {4E73EECF-74AB-41B6-8562-925B489DCBBE}
		{8608C51C-365E-4248-8F4D-EA951ABA50F7} = {AFEBA230-0A8F-4995-AB63-BA73EC1AE925}
		{4D18FC89-A0C9-494C-87A6-258745AB9B29} = {BBD600C2-5816-4FEB-81AA-53755A79D65B}
		{7523A031-5449-4172-8D7C-9BE43F8D1F11} = {4D18FC89-A0C9-494C-87A6-258745AB9B29}
		{4DC09954-1CA4-46A0-BC06-9E24CC2368FB} = {BBD600C2-5816-4FEB-81AA-53755A79D65B}
		{B72BF3C9-C450-4F2F-AA38-7814DA9310DE} = {4DC09954-1CA4-46A0-BC06-9E24CC2368FB}
		{4E8DED96-9D43-4947-BB4B-36A286AF343E} = {BBD600C2-5816-4FEB-81AA-53755A79D65B}
		{F943E998-4B65-488E-BCAB-2BE0CF863326} = {4E8DED96-9D43-4947-BB4B-36A286AF343E}
		{7DE71A7D-AEC1-49CE-ABF0-38661E539621} = {4D18FC89-A0C9-494C-87A6-258745AB9B29}
		{F1B9F908-2182-40C2-BFD6-67E7644C188D} = {4DC09954-1CA4-46A0-BC06-9E24CC2368FB}
		{C6276918-ECF5-4608-99A3-2D6CADFB637C} = {4B021BC1-FD6F-4A14-BF27-5699170F0678}
		{77EA8C65-A9D4-4921-8CF6-D244BC129123} = {C6276918-ECF5-4608-99A3-2D6CADFB637C}
		{5698BFCF-867C-40CA-B01B-6089B8F816F0} = {C6276918-ECF5-4608-99A3-2D6CADFB637C}
		{061683D3-6B9E-4055-82D7-05BF506FD0F8} = {C6276918-ECF5-4608-99A3-2D6CADFB637C}
		{983C0E16-7C7F-4728-9327-BF985A5AE810} = {4B021BC1-FD6F-4A14-BF27-5699170F0678}
		{376A20D1-C61F-4AF7-AFE7-729569BC46FE} = {983C0E16-7C7F-4728-9327-BF985A5AE810}
		{39DE6E91-66FA-4A9F-BDCF-D8325CA0C867} = {983C0E16-7C7F-4728-9327-BF985A5AE810}
		{64C299BD-756F-4007-BF0A-7ABCA01805AF} = {983C0E16-7C7F-4728-9327-BF985A5AE810}
		{BBF87147-5D77-4CA1-8C79-60993C529F12} = {4B021BC1-FD6F-4A14-BF27-5699170F0678}
		{5871CEF1-8F16-4D22-B0DC-4B67A6E29419} = {BBF87147-5D77-4CA1-8C79-60993C529F12}
		{E62A9B85-1110-4B38-B655-129D1BD351FF} = {BBF87147-5D77-4CA1-8C79-60993C529F12}
		{4398A7D3-5783-4644-AF3F-44F742732DD6} = {BBF87147-5D77-4CA1-8C79-60993C529F12}
		{A9660628-EA3C-44D8-8AAF-5603ABF78C04} = {4B021BC1-FD6F-4A14-BF27-5699170F0678}
		{CB4B4479-A8B3-4E42-8DBB-70011CCF8213} = {A9660628-EA3C-44D8-8AAF-5603ABF78C04}
		{546EF844-7A67-4940-8600-FED601C35BBE} = {A9660628-EA3C-44D8-8AAF-5603ABF78C04}
		{25C1403E-3744-48A3-926B-75DC003B1870} = {A9660628-EA3C-44D8-8AAF-5603ABF78C04}
		{8D88807D-42DD-499A-8655-DAEE9C9F4860} = {4B021BC1-FD6F-4A14-BF27-5699170F0678}
	EndGlobalSection
	GlobalSection(ExtensibilityGlobals) = postSolution
		SolutionGuid = {6B709F53-1905-4018-A866-A1CDF30CFA2A}
	EndGlobalSection
EndGlobal
